
Microsoft Visual Studio Solution File, Format Version 12.00
# Visual Studio Version 17
VisualStudioVersion = 17.4.33103.184
MinimumVisualStudioVersion = 10.0.40219.1
Project("{FAE04EC0-301F-11D3-BF4B-00C04F79EFBC}") = "RestAssured.Net.Workshop", "RestAssured.Net.Workshop\RestAssured.Net.Workshop.csproj", "{B7B3746D-4878-4801-B382-E9563B32D387}"
EndProject
Global
	GlobalSection(SolutionConfigurationPlatforms) = preSolution
		Debug|Any CPU = Debug|Any CPU
		Release|Any CPU = Release|Any CPU
	EndGlobalSection
	GlobalSection(ProjectConfigurationPlatforms) = postSolution
		{B7B3746D-4878-4801-B382-E9563B32D387}.Debug|Any CPU.ActiveCfg = Debug|Any CPU
		{B7B3746D-4878-4801-B382-E9563B32D387}.Debug|Any CPU.Build.0 = Debug|Any CPU
		{B7B3746D-4878-4801-B382-E9563B32D387}.Release|Any CPU.ActiveCfg = Release|Any CPU
		{B7B3746D-4878-4801-B382-E9563B32D387}.Release|Any CPU.Build.0 = Release|Any CPU
	EndGlobalSection
	GlobalSection(SolutionProperties) = preSolution
		HideSolutionNode = FALSE
	EndGlobalSection
	GlobalSection(ExtensibilityGlobals) = postSolution
		SolutionGuid = {B5DB2268-DCB2-430C-9926-3BD4C620E969}
	EndGlobalSection
EndGlobal
